{
    "_meta": {
        "hash": {
            "sha256": "81459a0809f1336dd325b6690f5b4b3329eb79b6cca839f6237888dd124e3a0a"
        },
        "pipfile-spec": 6,
        "requires": {
            "python_version": "3.10"
        },
        "sources": [
            {
                "name": "pip_conf_index_global",
                "url": "https://mirrors.aliyun.com/pypi/simple/",
                "verify_ssl": true
            }
        ]
    },
    "default": {},
    "develop": {}
}
